
Microsoft Visual Studio Solution File, Format Version 12.00
# Visual Studio Version 17
VisualStudioVersion = 17.11.35208.52
MinimumVisualStudioVersion = 10.0.40219.1
Project("{FAE04EC0-301F-11D3-BF4B-00C04F79EFBC}") = "coffee_machine_v2", "coffee_machine_v2\coffee_machine_v2.csproj", "{C83384EA-E10C-4027-8139-0692C3C2E2C2}"
EndProject
Global
	GlobalSection(SolutionConfigurationPlatforms) = preSolution
		Debug|Any CPU = Debug|Any CPU
		Release|Any CPU = Release|Any CPU
	EndGlobalSection
	GlobalSection(ProjectConfigurationPlatforms) = postSolution
		{C83384EA-E10C-4027-8139-0692C3C2E2C2}.Debug|Any CPU.ActiveCfg = Debug|Any CPU
		{C83384EA-E10C-4027-8139-0692C3C2E2C2}.Debug|Any CPU.Build.0 = Debug|Any CPU
		{C83384EA-E10C-4027-8139-0692C3C2E2C2}.Release|Any CPU.ActiveCfg = Release|Any CPU
		{C83384EA-E10C-4027-8139-0692C3C2E2C2}.Release|Any CPU.Build.0 = Release|Any CPU
	EndGlobalSection
	GlobalSection(SolutionProperties) = preSolution
		HideSolutionNode = FALSE
	EndGlobalSection
	GlobalSection(ExtensibilityGlobals) = postSolution
		SolutionGuid = {AA3356FD-2085-4D7E-A2A7-CC39C9F4A2F9}
	EndGlobalSection
EndGlobal
