
Microsoft Visual Studio Solution File, Format Version 12.00
# Visual Studio Version 17
VisualStudioVersion = 17.11.35208.52
MinimumVisualStudioVersion = 10.0.40219.1
Project("{FAE04EC0-301F-11D3-BF4B-00C04F79EFBC}") = "your_height", "your_height\your_height.csproj", "{633B8304-1F9D-410F-BA78-9E94580069F3}"
EndProject
Global
	GlobalSection(SolutionConfigurationPlatforms) = preSolution
		Debug|Any CPU = Debug|Any CPU
		Release|Any CPU = Release|Any CPU
	EndGlobalSection
	GlobalSection(ProjectConfigurationPlatforms) = postSolution
		{633B8304-1F9D-410F-BA78-9E94580069F3}.Debug|Any CPU.ActiveCfg = Debug|Any CPU
		{633B8304-1F9D-410F-BA78-9E94580069F3}.Debug|Any CPU.Build.0 = Debug|Any CPU
		{633B8304-1F9D-410F-BA78-9E94580069F3}.Release|Any CPU.ActiveCfg = Release|Any CPU
		{633B8304-1F9D-410F-BA78-9E94580069F3}.Release|Any CPU.Build.0 = Release|Any CPU
	EndGlobalSection
	GlobalSection(SolutionProperties) = preSolution
		HideSolutionNode = FALSE
	EndGlobalSection
	GlobalSection(ExtensibilityGlobals) = postSolution
		SolutionGuid = {88966A08-E4E5-448B-A0A0-44A3BE4B54AA}
	EndGlobalSection
EndGlobal
