
Microsoft Visual Studio Solution File, Format Version 12.00
# Visual Studio Version 17
VisualStudioVersion = 17.11.35208.52
MinimumVisualStudioVersion = 10.0.40219.1
Project("{FAE04EC0-301F-11D3-BF4B-00C04F79EFBC}") = "multiplication_table_1-10", "multiplication_table_1-10\multiplication_table_1-10.csproj", "{BFEC146E-70A5-41FB-92A1-A5258CEB5A29}"
EndProject
Global
	GlobalSection(SolutionConfigurationPlatforms) = preSolution
		Debug|Any CPU = Debug|Any CPU
		Release|Any CPU = Release|Any CPU
	EndGlobalSection
	GlobalSection(ProjectConfigurationPlatforms) = postSolution
		{BFEC146E-70A5-41FB-92A1-A5258CEB5A29}.Debug|Any CPU.ActiveCfg = Debug|Any CPU
		{BFEC146E-70A5-41FB-92A1-A5258CEB5A29}.Debug|Any CPU.Build.0 = Debug|Any CPU
		{BFEC146E-70A5-41FB-92A1-A5258CEB5A29}.Release|Any CPU.ActiveCfg = Release|Any CPU
		{BFEC146E-70A5-41FB-92A1-A5258CEB5A29}.Release|Any CPU.Build.0 = Release|Any CPU
	EndGlobalSection
	GlobalSection(SolutionProperties) = preSolution
		HideSolutionNode = FALSE
	EndGlobalSection
	GlobalSection(ExtensibilityGlobals) = postSolution
		SolutionGuid = {2AC031E8-51B2-4D3B-A8BC-DC421A8B02D7}
	EndGlobalSection
EndGlobal
