
Microsoft Visual Studio Solution File, Format Version 12.00
# Visual Studio Version 17
VisualStudioVersion = 17.11.35208.52
MinimumVisualStudioVersion = 10.0.40219.1
Project("{FAE04EC0-301F-11D3-BF4B-00C04F79EFBC}") = "multiplication_table_3", "multiplication_table_3\multiplication_table_3.csproj", "{D19DA5B2-531E-4093-822F-7C7069832925}"
EndProject
Global
	GlobalSection(SolutionConfigurationPlatforms) = preSolution
		Debug|Any CPU = Debug|Any CPU
		Release|Any CPU = Release|Any CPU
	EndGlobalSection
	GlobalSection(ProjectConfigurationPlatforms) = postSolution
		{D19DA5B2-531E-4093-822F-7C7069832925}.Debug|Any CPU.ActiveCfg = Debug|Any CPU
		{D19DA5B2-531E-4093-822F-7C7069832925}.Debug|Any CPU.Build.0 = Debug|Any CPU
		{D19DA5B2-531E-4093-822F-7C7069832925}.Release|Any CPU.ActiveCfg = Release|Any CPU
		{D19DA5B2-531E-4093-822F-7C7069832925}.Release|Any CPU.Build.0 = Release|Any CPU
	EndGlobalSection
	GlobalSection(SolutionProperties) = preSolution
		HideSolutionNode = FALSE
	EndGlobalSection
	GlobalSection(ExtensibilityGlobals) = postSolution
		SolutionGuid = {EAF7E20F-E98A-40DF-AB3B-606561578E71}
	EndGlobalSection
EndGlobal
